
Microsoft Visual Studio Solution File, Format Version 12.00
# Visual Studio Version 16
VisualStudioVersion = 16.0.31729.503
MinimumVisualStudioVersion = 10.0.40219.1
Project("{FAE04EC0-301F-11D3-BF4B-00C04F79EFBC}") = "ParallelProgrammingArticle", "ParallelProgrammingArticle\ParallelProgrammingArticle.csproj", "{A37EE250-B2B1-467C-911E-F41EB9525B53}"
EndProject
Global
	GlobalSection(SolutionConfigurationPlatforms) = preSolution
		Debug|Any CPU = Debug|Any CPU
		Release|Any CPU = Release|Any CPU
	EndGlobalSection
	GlobalSection(ProjectConfigurationPlatforms) = postSolution
		{A37EE250-B2B1-467C-911E-F41EB9525B53}.Debug|Any CPU.ActiveCfg = Debug|Any CPU
		{A37EE250-B2B1-467C-911E-F41EB9525B53}.Debug|Any CPU.Build.0 = Debug|Any CPU
		{A37EE250-B2B1-467C-911E-F41EB9525B53}.Release|Any CPU.ActiveCfg = Release|Any CPU
		{A37EE250-B2B1-467C-911E-F41EB9525B53}.Release|Any CPU.Build.0 = Release|Any CPU
	EndGlobalSection
	GlobalSection(SolutionProperties) = preSolution
		HideSolutionNode = FALSE
	EndGlobalSection
	GlobalSection(ExtensibilityGlobals) = postSolution
		SolutionGuid = {58D3DF37-B178-48BA-A294-2E403817AD3E}
	EndGlobalSection
EndGlobal
